
Microsoft Visual Studio Solution File, Format Version 12.00
# Visual Studio Version 17
VisualStudioVersion = 17.8.34309.116
MinimumVisualStudioVersion = 10.0.40219.1
Project("{FAE04EC0-301F-11D3-BF4B-00C04F79EFBC}") = "WomanSafety", "WomanSafety.csproj", "{50AEE160-7D9B-4606-AE78-C6133A6CCA28}"
EndProject
Global
	GlobalSection(SolutionConfigurationPlatforms) = preSolution
		Debug|Any CPU = Debug|Any CPU
		Release|Any CPU = Release|Any CPU
	EndGlobalSection
	GlobalSection(ProjectConfigurationPlatforms) = postSolution
		{50AEE160-7D9B-4606-AE78-C6133A6CCA28}.Debug|Any CPU.ActiveCfg = Debug|Any CPU
		{50AEE160-7D9B-4606-AE78-C6133A6CCA28}.Debug|Any CPU.Build.0 = Debug|Any CPU
		{50AEE160-7D9B-4606-AE78-C6133A6CCA28}.Release|Any CPU.ActiveCfg = Release|Any CPU
		{50AEE160-7D9B-4606-AE78-C6133A6CCA28}.Release|Any CPU.Build.0 = Release|Any CPU
	EndGlobalSection
	GlobalSection(SolutionProperties) = preSolution
		HideSolutionNode = FALSE
	EndGlobalSection
	GlobalSection(ExtensibilityGlobals) = postSolution
		SolutionGuid = {E8182D26-52E9-4902-9910-299E6EA50E6D}
	EndGlobalSection
EndGlobal
